
Microsoft Visual Studio Solution File, Format Version 12.00
# Visual Studio Version 17
VisualStudioVersion = 17.3.32929.385
MinimumVisualStudioVersion = 10.0.40219.1
Project("{9A19103F-16F7-4668-BE54-9A1E7A4F7556}") = "PizzaPortal", "PizzaPortal\PizzaPortal.csproj", "{BE0055DB-8CFF-4EE5-A7BE-46D9F0C3EB6A}"
EndProject
Project("{FAE04EC0-301F-11D3-BF4B-00C04F79EFBC}") = "Test", "Test\Test.csproj", "{28CD81EB-A44D-4055-A83A-A6C53CD72566}"
EndProject
Global
	GlobalSection(SolutionConfigurationPlatforms) = preSolution
		Debug|Any CPU = Debug|Any CPU
		Release|Any CPU = Release|Any CPU
	EndGlobalSection
	GlobalSection(ProjectConfigurationPlatforms) = postSolution
		{BE0055DB-8CFF-4EE5-A7BE-46D9F0C3EB6A}.Debug|Any CPU.ActiveCfg = Debug|Any CPU
		{BE0055DB-8CFF-4EE5-A7BE-46D9F0C3EB6A}.Debug|Any CPU.Build.0 = Debug|Any CPU
		{BE0055DB-8CFF-4EE5-A7BE-46D9F0C3EB6A}.Release|Any CPU.ActiveCfg = Release|Any CPU
		{BE0055DB-8CFF-4EE5-A7BE-46D9F0C3EB6A}.Release|Any CPU.Build.0 = Release|Any CPU
		{28CD81EB-A44D-4055-A83A-A6C53CD72566}.Debug|Any CPU.ActiveCfg = Debug|Any CPU
		{28CD81EB-A44D-4055-A83A-A6C53CD72566}.Debug|Any CPU.Build.0 = Debug|Any CPU
		{28CD81EB-A44D-4055-A83A-A6C53CD72566}.Release|Any CPU.ActiveCfg = Release|Any CPU
		{28CD81EB-A44D-4055-A83A-A6C53CD72566}.Release|Any CPU.Build.0 = Release|Any CPU
	EndGlobalSection
	GlobalSection(SolutionProperties) = preSolution
		HideSolutionNode = FALSE
	EndGlobalSection
	GlobalSection(ExtensibilityGlobals) = postSolution
		SolutionGuid = {3DD2A337-6B55-4A47-8030-D9C596EC43DD}
	EndGlobalSection
EndGlobal
